
Microsoft Visual Studio Solution File, Format Version 12.00
# Visual Studio 15
Project("{FAE04EC0-301F-11D3-BF4B-00C04F79EFBC}") = "AstarPathfindingProject", "AstarPathfindingProject.csproj", "{4D950D61-3C0F-92CB-2553-9E218BEA0F1D}"
EndProject
Project("{FAE04EC0-301F-11D3-BF4B-00C04F79EFBC}") = "Assembly-CSharp", "Assembly-CSharp.csproj", "{33BF9404-AE7B-8B88-A35F-1EC4B340FD2A}"
EndProject
Project("{FAE04EC0-301F-11D3-BF4B-00C04F79EFBC}") = "AstarPathfindingProjectEditor", "AstarPathfindingProjectEditor.csproj", "{C9590EED-048B-13FE-0E90-C867DEE01EE2}"
EndProject
Project("{FAE04EC0-301F-11D3-BF4B-00C04F79EFBC}") = "Assembly-CSharp-Editor", "Assembly-CSharp-Editor.csproj", "{288250D5-D9FE-0EA4-F3EE-1FDF619E36B2}"
EndProject
Project("{FAE04EC0-301F-11D3-BF4B-00C04F79EFBC}") = "PackageToolsEditor", "PackageToolsEditor.csproj", "{CFAEFB4D-F3C6-3EAE-DC04-54DE87C0E453}"
EndProject
Global
	GlobalSection(SolutionConfigurationPlatforms) = preSolution
		Debug|Any CPU = Debug|Any CPU
		Release|Any CPU = Release|Any CPU
	EndGlobalSection
	GlobalSection(ProjectConfigurationPlatforms) = postSolution
		{4D950D61-3C0F-92CB-2553-9E218BEA0F1D}.Debug|Any CPU.ActiveCfg = Debug|Any CPU
		{4D950D61-3C0F-92CB-2553-9E218BEA0F1D}.Debug|Any CPU.Build.0 = Debug|Any CPU
		{4D950D61-3C0F-92CB-2553-9E218BEA0F1D}.Release|Any CPU.ActiveCfg = Release|Any CPU
		{4D950D61-3C0F-92CB-2553-9E218BEA0F1D}.Release|Any CPU.Build.0 = Release|Any CPU
		{33BF9404-AE7B-8B88-A35F-1EC4B340FD2A}.Debug|Any CPU.ActiveCfg = Debug|Any CPU
		{33BF9404-AE7B-8B88-A35F-1EC4B340FD2A}.Debug|Any CPU.Build.0 = Debug|Any CPU
		{33BF9404-AE7B-8B88-A35F-1EC4B340FD2A}.Release|Any CPU.ActiveCfg = Release|Any CPU
		{33BF9404-AE7B-8B88-A35F-1EC4B340FD2A}.Release|Any CPU.Build.0 = Release|Any CPU
		{C9590EED-048B-13FE-0E90-C867DEE01EE2}.Debug|Any CPU.ActiveCfg = Debug|Any CPU
		{C9590EED-048B-13FE-0E90-C867DEE01EE2}.Debug|Any CPU.Build.0 = Debug|Any CPU
		{C9590EED-048B-13FE-0E90-C867DEE01EE2}.Release|Any CPU.ActiveCfg = Release|Any CPU
		{C9590EED-048B-13FE-0E90-C867DEE01EE2}.Release|Any CPU.Build.0 = Release|Any CPU
		{288250D5-D9FE-0EA4-F3EE-1FDF619E36B2}.Debug|Any CPU.ActiveCfg = Debug|Any CPU
		{288250D5-D9FE-0EA4-F3EE-1FDF619E36B2}.Debug|Any CPU.Build.0 = Debug|Any CPU
		{288250D5-D9FE-0EA4-F3EE-1FDF619E36B2}.Release|Any CPU.ActiveCfg = Release|Any CPU
		{288250D5-D9FE-0EA4-F3EE-1FDF619E36B2}.Release|Any CPU.Build.0 = Release|Any CPU
		{CFAEFB4D-F3C6-3EAE-DC04-54DE87C0E453}.Debug|Any CPU.ActiveCfg = Debug|Any CPU
		{CFAEFB4D-F3C6-3EAE-DC04-54DE87C0E453}.Debug|Any CPU.Build.0 = Debug|Any CPU
		{CFAEFB4D-F3C6-3EAE-DC04-54DE87C0E453}.Release|Any CPU.ActiveCfg = Release|Any CPU
		{CFAEFB4D-F3C6-3EAE-DC04-54DE87C0E453}.Release|Any CPU.Build.0 = Release|Any CPU
	EndGlobalSection
	GlobalSection(SolutionProperties) = preSolution
		HideSolutionNode = FALSE
	EndGlobalSection
EndGlobal
