
Microsoft Visual Studio Solution File, Format Version 12.00
# Visual Studio 15
Project("{FAE04EC0-301F-11D3-BF4B-00C04F79EFBC}") = "Assembly-CSharp", "Assembly-CSharp.csproj", "{8A4916B7-36CE-FF0C-C60E-FD6981D37B23}"
EndProject
Project("{FAE04EC0-301F-11D3-BF4B-00C04F79EFBC}") = "AstarPathfindingProject", "AstarPathfindingProject.csproj", "{0AFF7316-A459-7661-64BF-55D5B982EE51}"
EndProject
Project("{FAE04EC0-301F-11D3-BF4B-00C04F79EFBC}") = "Assembly-CSharp-Editor", "Assembly-CSharp-Editor.csproj", "{4BAB686E-DF8B-C02E-ADFE-D0012B26F829}"
EndProject
Project("{FAE04EC0-301F-11D3-BF4B-00C04F79EFBC}") = "AstarPathfindingProjectEditor", "AstarPathfindingProjectEditor.csproj", "{4E161F08-04D5-9E1E-C038-8AE4F60C74A3}"
EndProject
Project("{FAE04EC0-301F-11D3-BF4B-00C04F79EFBC}") = "PackageToolsEditor", "PackageToolsEditor.csproj", "{21464ABC-3823-56F2-F906-AE5FB8072DFD}"
EndProject
Global
	GlobalSection(SolutionConfigurationPlatforms) = preSolution
		Debug|Any CPU = Debug|Any CPU
		Release|Any CPU = Release|Any CPU
	EndGlobalSection
	GlobalSection(ProjectConfigurationPlatforms) = postSolution
		{8A4916B7-36CE-FF0C-C60E-FD6981D37B23}.Debug|Any CPU.ActiveCfg = Debug|Any CPU
		{8A4916B7-36CE-FF0C-C60E-FD6981D37B23}.Debug|Any CPU.Build.0 = Debug|Any CPU
		{8A4916B7-36CE-FF0C-C60E-FD6981D37B23}.Release|Any CPU.ActiveCfg = Release|Any CPU
		{8A4916B7-36CE-FF0C-C60E-FD6981D37B23}.Release|Any CPU.Build.0 = Release|Any CPU
		{0AFF7316-A459-7661-64BF-55D5B982EE51}.Debug|Any CPU.ActiveCfg = Debug|Any CPU
		{0AFF7316-A459-7661-64BF-55D5B982EE51}.Debug|Any CPU.Build.0 = Debug|Any CPU
		{0AFF7316-A459-7661-64BF-55D5B982EE51}.Release|Any CPU.ActiveCfg = Release|Any CPU
		{0AFF7316-A459-7661-64BF-55D5B982EE51}.Release|Any CPU.Build.0 = Release|Any CPU
		{4BAB686E-DF8B-C02E-ADFE-D0012B26F829}.Debug|Any CPU.ActiveCfg = Debug|Any CPU
		{4BAB686E-DF8B-C02E-ADFE-D0012B26F829}.Debug|Any CPU.Build.0 = Debug|Any CPU
		{4BAB686E-DF8B-C02E-ADFE-D0012B26F829}.Release|Any CPU.ActiveCfg = Release|Any CPU
		{4BAB686E-DF8B-C02E-ADFE-D0012B26F829}.Release|Any CPU.Build.0 = Release|Any CPU
		{4E161F08-04D5-9E1E-C038-8AE4F60C74A3}.Debug|Any CPU.ActiveCfg = Debug|Any CPU
		{4E161F08-04D5-9E1E-C038-8AE4F60C74A3}.Debug|Any CPU.Build.0 = Debug|Any CPU
		{4E161F08-04D5-9E1E-C038-8AE4F60C74A3}.Release|Any CPU.ActiveCfg = Release|Any CPU
		{4E161F08-04D5-9E1E-C038-8AE4F60C74A3}.Release|Any CPU.Build.0 = Release|Any CPU
		{21464ABC-3823-56F2-F906-AE5FB8072DFD}.Debug|Any CPU.ActiveCfg = Debug|Any CPU
		{21464ABC-3823-56F2-F906-AE5FB8072DFD}.Debug|Any CPU.Build.0 = Debug|Any CPU
		{21464ABC-3823-56F2-F906-AE5FB8072DFD}.Release|Any CPU.ActiveCfg = Release|Any CPU
		{21464ABC-3823-56F2-F906-AE5FB8072DFD}.Release|Any CPU.Build.0 = Release|Any CPU
	EndGlobalSection
	GlobalSection(SolutionProperties) = preSolution
		HideSolutionNode = FALSE
	EndGlobalSection
EndGlobal
